
Microsoft Visual Studio Solution File, Format Version 12.00
# Visual Studio Version 16
VisualStudioVersion = 16.0.30128.74
MinimumVisualStudioVersion = 10.0.40219.1
Project("{FAE04EC0-301F-11D3-BF4B-00C04F79EFBC}") = "SpleeterContentDisposition", "SpleeterContentDisposition.csproj", "{9C5AB990-5A7D-4F6D-9669-0E3723BA6562}"
EndProject
Global
	GlobalSection(SolutionConfigurationPlatforms) = preSolution
		Debug|Any CPU = Debug|Any CPU
		Release|Any CPU = Release|Any CPU
	EndGlobalSection
	GlobalSection(ProjectConfigurationPlatforms) = postSolution
		{9C5AB990-5A7D-4F6D-9669-0E3723BA6562}.Debug|Any CPU.ActiveCfg = Debug|Any CPU
		{9C5AB990-5A7D-4F6D-9669-0E3723BA6562}.Debug|Any CPU.Build.0 = Debug|Any CPU
		{9C5AB990-5A7D-4F6D-9669-0E3723BA6562}.Release|Any CPU.ActiveCfg = Release|Any CPU
		{9C5AB990-5A7D-4F6D-9669-0E3723BA6562}.Release|Any CPU.Build.0 = Release|Any CPU
	EndGlobalSection
	GlobalSection(SolutionProperties) = preSolution
		HideSolutionNode = FALSE
	EndGlobalSection
	GlobalSection(ExtensibilityGlobals) = postSolution
		SolutionGuid = {D6EA2C07-789B-48B0-944F-8C5FD96BB84F}
	EndGlobalSection
EndGlobal
